
Microsoft Visual Studio Solution File, Format Version 12.00
# Visual Studio Version 16
VisualStudioVersion = 16.0.33529.622
MinimumVisualStudioVersion = 10.0.40219.1
Project("{FAE04EC0-301F-11D3-BF4B-00C04F79EFBC}") = "et-control-center", "et-control-center\et-control-center.csproj", "{4B35DD54-DB84-4295-9224-A1F7A2088710}"
EndProject
Global
	GlobalSection(SolutionConfigurationPlatforms) = preSolution
		Debug|Any CPU = Debug|Any CPU
		Release|Any CPU = Release|Any CPU
	EndGlobalSection
	GlobalSection(ProjectConfigurationPlatforms) = postSolution
		{4B35DD54-DB84-4295-9224-A1F7A2088710}.Debug|Any CPU.ActiveCfg = Debug|Any CPU
		{4B35DD54-DB84-4295-9224-A1F7A2088710}.Debug|Any CPU.Build.0 = Debug|Any CPU
		{4B35DD54-DB84-4295-9224-A1F7A2088710}.Release|Any CPU.ActiveCfg = Release|Any CPU
		{4B35DD54-DB84-4295-9224-A1F7A2088710}.Release|Any CPU.Build.0 = Release|Any CPU
	EndGlobalSection
	GlobalSection(SolutionProperties) = preSolution
		HideSolutionNode = FALSE
	EndGlobalSection
	GlobalSection(ExtensibilityGlobals) = postSolution
		SolutionGuid = {9A1EFFCD-28A1-4540-9B26-4F5E1C1603C8}
	EndGlobalSection
EndGlobal
